
Microsoft Visual Studio Solution File, Format Version 12.00
# Visual Studio Version 17
VisualStudioVersion = 17.2.32602.215
MinimumVisualStudioVersion = 10.0.40219.1
Project("{FAE04EC0-301F-11D3-BF4B-00C04F79EFBC}") = "Module 3", "Module 3\Module 3.csproj", "{7524BF10-3DDF-4CF8-8A35-18F0D52A41A0}"
EndProject
Global
	GlobalSection(SolutionConfigurationPlatforms) = preSolution
		Debug|Any CPU = Debug|Any CPU
		Release|Any CPU = Release|Any CPU
	EndGlobalSection
	GlobalSection(ProjectConfigurationPlatforms) = postSolution
		{7524BF10-3DDF-4CF8-8A35-18F0D52A41A0}.Debug|Any CPU.ActiveCfg = Debug|Any CPU
		{7524BF10-3DDF-4CF8-8A35-18F0D52A41A0}.Debug|Any CPU.Build.0 = Debug|Any CPU
		{7524BF10-3DDF-4CF8-8A35-18F0D52A41A0}.Release|Any CPU.ActiveCfg = Release|Any CPU
		{7524BF10-3DDF-4CF8-8A35-18F0D52A41A0}.Release|Any CPU.Build.0 = Release|Any CPU
	EndGlobalSection
	GlobalSection(SolutionProperties) = preSolution
		HideSolutionNode = FALSE
	EndGlobalSection
	GlobalSection(ExtensibilityGlobals) = postSolution
		SolutionGuid = {F224E103-2C0F-4C66-8347-B0FA7C6EA271}
	EndGlobalSection
EndGlobal
